// !$*UTF8*$!
{
	archiveVersion = 1;
	classes = {
	};
	objectVersion = 50;
	objects = {

/* Begin PBXBuildFile section */
		37511C06269A1BAD0076E7EB /* AppDelegate.swift in Sources */ = {isa = PBXBuildFile; fileRef = 37511C05269A1BAD0076E7EB /* AppDelegate.swift */; };
		37511C08269A1BAD0076E7EB /* SceneDelegate.swift in Sources */ = {isa = PBXBuildFile; fileRef = 37511C07269A1BAD0076E7EB /* SceneDelegate.swift */; };
		37511C0A269A1BAD0076E7EB /* ViewController.swift in Sources */ = {isa = PBXBuildFile; fileRef = 37511C09269A1BAD0076E7EB /* ViewController.swift */; };
		37511C0D269A1BAD0076E7EB /* Main.storyboard in Resources */ = {isa = PBXBuildFile; fileRef = 37511C0B269A1BAD0076E7EB /* Main.storyboard */; };
		37511C0F269A1BAF0076E7EB /* Assets.xcassets in Resources */ = {isa = PBXBuildFile; fileRef = 37511C0E269A1BAF0076E7EB /* Assets.xcassets */; };
		37511C12269A1BAF0076E7EB /* LaunchScreen.storyboard in Resources */ = {isa = PBXBuildFile; fileRef = 37511C10269A1BAF0076E7EB /* LaunchScreen.storyboard */; };
		37511C1D269A1BAF0076E7EB /* I_am_PoorTests.swift in Sources */ = {isa = PBXBuildFile; fileRef = 37511C1C269A1BAF0076E7EB /* I_am_PoorTests.swift */; };
		37511C28269A1BAF0076E7EB /* I_am_PoorUITests.swift in Sources */ = {isa = PBXBuildFile; fileRef = 37511C27269A1BAF0076E7EB /* I_am_PoorUITests.swift */; };
/* End PBXBuildFile section */

/* Begin PBXContainerItemProxy section */
		37511C19269A1BAF0076E7EB /* PBXContainerItemProxy */ = {
			isa = PBXContainerItemProxy;
			containerPortal = 37511BFA269A1BAD0076E7EB /* Project object */;
			proxyType = 1;
			remoteGlobalIDString = 37511C01269A1BAD0076E7EB;
			remoteInfo = "I am Poor";
		};
		37511C24269A1BAF0076E7EB /* PBXContainerItemProxy */ = {
			isa = PBXContainerItemProxy;
			containerPortal = 37511BFA269A1BAD0076E7EB /* Project object */;
			proxyType = 1;
			remoteGlobalIDString = 37511C01269A1BAD0076E7EB;
			remoteInfo = "I am Poor";
		};
/* End PBXContainerItemProxy section */

/* Begin PBXFileReference section */
		37511C02269A1BAD0076E7EB /* I am Poor.app */ = {isa = PBXFileReference; explicitFileType = wrapper.application; includeInIndex = 0; path = "I am Poor.app"; sourceTree = BUILT_PRODUCTS_DIR; };
		37511C05269A1BAD0076E7EB /* AppDelegate.swift */ = {isa = PBXFileReference; lastKnownFileType = sourcecode.swift; path = AppDelegate.swift; sourceTree = "<group>"; };
		37511C07269A1BAD0076E7EB /* SceneDelegate.swift */ = {isa = PBXFileReference; lastKnownFileType = sourcecode.swift; path = SceneDelegate.swift; sourceTree = "<group>"; };
		37511C09269A1BAD0076E7EB /* ViewController.swift */ = {isa = PBXFileReference; lastKnownFileType = sourcecode.swift; path = ViewController.swift; sourceTree = "<group>"; };
		37511C0C269A1BAD0076E7EB /* Base */ = {isa = PBXFileReference; lastKnownFileType = file.storyboard; name = Base; path = Base.lproj/Main.storyboard; sourceTree = "<group>"; };
		37511C0E269A1BAF0076E7EB /* Assets.xcassets */ = {isa = PBXFileReference; lastKnownFileType = folder.assetcatalog; path = Assets.xcassets; sourceTree = "<group>"; };
		37511C11269A1BAF0076E7EB /* Base */ = {isa = PBXFileReference; lastKnownFileType = file.storyboard; name = Base; path = Base.lproj/LaunchScreen.storyboard; sourceTree = "<group>"; };
		37511C13269A1BAF0076E7EB /* Info.plist */ = {isa = PBXFileReference; lastKnownFileType = text.plist.xml; path = Info.plist; sourceTree = "<group>"; };
		37511C18269A1BAF0076E7EB /* I am PoorTests.xctest */ = {isa = PBXFileReference; explicitFileType = wrapper.cfbundle; includeInIndex = 0; path = "I am PoorTests.xctest"; sourceTree = BUILT_PRODUCTS_DIR; };
		37511C1C269A1BAF0076E7EB /* I_am_PoorTests.swift */ = {isa = PBXFileReference; lastKnownFileType = sourcecode.swift; path = I_am_PoorTests.swift; sourceTree = "<group>"; };
		37511C1E269A1BAF0076E7EB /* Info.plist */ = {isa = PBXFileReference; lastKnownFileType = text.plist.xml; path = Info.plist; sourceTree = "<group>"; };
		37511C23269A1BAF0076E7EB /* I am PoorUITests.xctest */ = {isa = PBXFileReference; explicitFileType = wrapper.cfbundle; includeInIndex = 0; path = "I am PoorUITests.xctest"; sourceTree = BUILT_PRODUCTS_DIR; };
		37511C27269A1BAF0076E7EB /* I_am_PoorUITests.swift */ = {isa = PBXFileReference; lastKnownFileType = sourcecode.swift; path = I_am_PoorUITests.swift; sourceTree = "<group>"; };
		37511C29269A1BAF0076E7EB /* Info.plist */ = {isa = PBXFileReference; lastKnownFileType = text.plist.xml; path = Info.plist; sourceTree = "<group>"; };
/* End PBXFileReference section */

/* Begin PBXFrameworksBuildPhase section */
		37511BFF269A1BAD0076E7EB /* Frameworks */ = {
			isa = PBXFrameworksBuildPhase;
			buildActionMask = 2147483647;
			files = (
			);
			runOnlyForDeploymentPostprocessing = 0;
		};
		37511C15269A1BAF0076E7EB /* Frameworks */ = {
			isa = PBXFrameworksBuildPhase;
			buildActionMask = 2147483647;
			files = (
			);
			runOnlyForDeploymentPostprocessing = 0;
		};
		37511C20269A1BAF0076E7EB /* Frameworks */ = {
			isa = PBXFrameworksBuildPhase;
			buildActionMask = 2147483647;
			files = (
			);
			runOnlyForDeploymentPostprocessing = 0;
		};
/* End PBXFrameworksBuildPhase section */

/* Begin PBXGroup section */
		37511BF9269A1BAD0076E7EB = {
			isa = PBXGroup;
			children = (
				37511C04269A1BAD0076E7EB /* I am Poor */,
				37511C1B269A1BAF0076E7EB /* I am PoorTests */,
				37511C26269A1BAF0076E7EB /* I am PoorUITests */,
				37511C03269A1BAD0076E7EB /* Products */,
			);
			sourceTree = "<group>";
		};
		37511C03269A1BAD0076E7EB /* Products */ = {
			isa = PBXGroup;
			children = (
				37511C02269A1BAD0076E7EB /* I am Poor.app */,
				37511C18269A1BAF0076E7EB /* I am PoorTests.xctest */,
				37511C23269A1BAF0076E7EB /* I am PoorUITests.xctest */,
			);
			name = Products;
			sourceTree = "<group>";
		};
		37511C04269A1BAD0076E7EB /* I am Poor */ = {
			isa = PBXGroup;
			children = (
				37511C05269A1BAD0076E7EB /* AppDelegate.swift */,
				37511C07269A1BAD0076E7EB /* SceneDelegate.swift */,
				37511C09269A1BAD0076E7EB /* ViewController.swift */,
				37511C0B269A1BAD0076E7EB /* Main.storyboard */,
				37511C0E269A1BAF0076E7EB /* Assets.xcassets */,
				37511C10269A1BAF0076E7EB /* LaunchScreen.storyboard */,
				37511C13269A1BAF0076E7EB /* Info.plist */,
			);
			path = "I am Poor";
			sourceTree = "<group>";
		};
		37511C1B269A1BAF0076E7EB /* I am PoorTests */ = {
			isa = PBXGroup;
			children = (
				37511C1C269A1BAF0076E7EB /* I_am_PoorTests.swift */,
				37511C1E269A1BAF0076E7EB /* Info.plist */,
			);
			path = "I am PoorTests";
			sourceTree = "<group>";
		};
		37511C26269A1BAF0076E7EB /* I am PoorUITests */ = {
			isa = PBXGroup;
			children = (
				37511C27269A1BAF0076E7EB /* I_am_PoorUITests.swift */,
				37511C29269A1BAF0076E7EB /* Info.plist */,
			);
			path = "I am PoorUITests";
			sourceTree = "<group>";
		};
/* End PBXGroup section */

/* Begin PBXNativeTarget section */
		37511C01269A1BAD0076E7EB /* I am Poor */ = {
			isa = PBXNativeTarget;
			buildConfigurationList = 37511C2C269A1BAF0076E7EB /* Build configuration list for PBXNativeTarget "I am Poor" */;
			buildPhases = (
				37511BFE269A1BAD0076E7EB /* Sources */,
				37511BFF269A1BAD0076E7EB /* Frameworks */,
				37511C00269A1BAD0076E7EB /* Resources */,
			);
			buildRules = (
			);
			dependencies = (
			);
			name = "I am Poor";
			productName = "I am Poor";
			productReference = 37511C02269A1BAD0076E7EB /* I am Poor.app */;
			productType = "com.apple.product-type.application";
		};
		37511C17269A1BAF0076E7EB /* I am PoorTests */ = {
			isa = PBXNativeTarget;
			buildConfigurationList = 37511C2F269A1BAF0076E7EB /* Build configuration list for PBXNativeTarget "I am PoorTests" */;
			buildPhases = (
				37511C14269A1BAF0076E7EB /* Sources */,
				37511C15269A1BAF0076E7EB /* Frameworks */,
				37511C16269A1BAF0076E7EB /* Resources */,
			);
			buildRules = (
			);
			dependencies = (
				37511C1A269A1BAF0076E7EB /* PBXTargetDependency */,
			);
			name = "I am PoorTests";
			productName = "I am PoorTests";
			productReference = 37511C18269A1BAF0076E7EB /* I am PoorTests.xctest */;
			productType = "com.apple.product-type.bundle.unit-test";
		};
		37511C22269A1BAF0076E7EB /* I am PoorUITests */ = {
			isa = PBXNativeTarget;
			buildConfigurationList = 37511C32269A1BAF0076E7EB /* Build configuration list for PBXNativeTarget "I am PoorUITests" */;
			buildPhases = (
				37511C1F269A1BAF0076E7EB /* Sources */,
				37511C20269A1BAF0076E7EB /* Frameworks */,
				37511C21269A1BAF0076E7EB /* Resources */,
			);
			buildRules = (
			);
			dependencies = (
				37511C25269A1BAF0076E7EB /* PBXTargetDependency */,
			);
			name = "I am PoorUITests";
			productName = "I am PoorUITests";
			productReference = 37511C23269A1BAF0076E7EB /* I am PoorUITests.xctest */;
			productType = "com.apple.product-type.bundle.ui-testing";
		};
/* End PBXNativeTarget section */

/* Begin PBXProject section */
		37511BFA269A1BAD0076E7EB /* Project object */ = {
			isa = PBXProject;
			attributes = {
				LastSwiftUpdateCheck = 1250;
				LastUpgradeCheck = 1250;
				TargetAttributes = {
					37511C01269A1BAD0076E7EB = {
						CreatedOnToolsVersion = 12.5.1;
					};
					37511C17269A1BAF0076E7EB = {
						CreatedOnToolsVersion = 12.5.1;
						TestTargetID = 37511C01269A1BAD0076E7EB;
					};
					37511C22269A1BAF0076E7EB = {
						CreatedOnToolsVersion = 12.5.1;
						TestTargetID = 37511C01269A1BAD0076E7EB;
					};
				};
			};
			buildConfigurationList = 37511BFD269A1BAD0076E7EB /* Build configuration list for PBXProject "I am Poor" */;
			compatibilityVersion = "Xcode 9.3";
			developmentRegion = en;
			hasScannedForEncodings = 0;
			knownRegions = (
				en,
				Base,
			);
			mainGroup = 37511BF9269A1BAD0076E7EB;
			productRefGroup = 37511C03269A1BAD0076E7EB /* Products */;
			projectDirPath = "";
			projectRoot = "";
			targets = (
				37511C01269A1BAD0076E7EB /* I am Poor */,
				37511C17269A1BAF0076E7EB /* I am PoorTests */,
				37511C22269A1BAF0076E7EB /* I am PoorUITests */,
			);
		};
/* End PBXProject section */

/* Begin PBXResourcesBuildPhase section */
		37511C00269A1BAD0076E7EB /* Resources */ = {
			isa = PBXResourcesBuildPhase;
			buildActionMask = 2147483647;
			files = (
				37511C12269A1BAF0076E7EB /* LaunchScreen.storyboard in Resources */,
				37511C0F269A1BAF0076E7EB /* Assets.xcassets in Resources */,
				37511C0D269A1BAD0076E7EB /* Main.storyboard in Resources */,
			);
			runOnlyForDeploymentPostprocessing = 0;
		};
		37511C16269A1BAF0076E7EB /* Resources */ = {
			isa = PBXResourcesBuildPhase;
			buildActionMask = 2147483647;
			files = (
			);
			runOnlyForDeploymentPostprocessing = 0;
		};
		37511C21269A1BAF0076E7EB /* Resources */ = {
			isa = PBXResourcesBuildPhase;
			buildActionMask = 2147483647;
			files = (
			);
			runOnlyForDeploymentPostprocessing = 0;
		};
/* End PBXResourcesBuildPhase section */

/* Begin PBXSourcesBuildPhase section */
		37511BFE269A1BAD0076E7EB /* Sources */ = {
			isa = PBXSourcesBuildPhase;
			buildActionMask = 2147483647;
			files = (
				37511C0A269A1BAD0076E7EB /* ViewController.swift in Sources */,
				37511C06269A1BAD0076E7EB /* AppDelegate.swift in Sources */,
				37511C08269A1BAD0076E7EB /* SceneDelegate.swift in Sources */,
			);
			runOnlyForDeploymentPostprocessing = 0;
		};
		37511C14269A1BAF0076E7EB /* Sources */ = {
			isa = PBXSourcesBuildPhase;
			buildActionMask = 2147483647;
			files = (
				37511C1D269A1BAF0076E7EB /* I_am_PoorTests.swift in Sources */,
			);
			runOnlyForDeploymentPostprocessing = 0;
		};
		37511C1F269A1BAF0076E7EB /* Sources */ = {
			isa = PBXSourcesBuildPhase;
			buildActionMask = 2147483647;
			files = (
				37511C28269A1BAF0076E7EB /* I_am_PoorUITests.swift in Sources */,
			);
			runOnlyForDeploymentPostprocessing = 0;
		};
/* End PBXSourcesBuildPhase section */

/* Begin PBXTargetDependency section */
		37511C1A269A1BAF0076E7EB /* PBXTargetDependency */ = {
			isa = PBXTargetDependency;
			target = 37511C01269A1BAD0076E7EB /* I am Poor */;
			targetProxy = 37511C19269A1BAF0076E7EB /* PBXContainerItemProxy */;
		};
		37511C25269A1BAF0076E7EB /* PBXTargetDependency */ = {
			isa = PBXTargetDependency;
			target = 37511C01269A1BAD0076E7EB /* I am Poor */;
			targetProxy = 37511C24269A1BAF0076E7EB /* PBXContainerItemProxy */;
		};
/* End PBXTargetDependency section */

/* Begin PBXVariantGroup section */
		37511C0B269A1BAD0076E7EB /* Main.storyboard */ = {
			isa = PBXVariantGroup;
			children = (
				37511C0C269A1BAD0076E7EB /* Base */,
			);
			name = Main.storyboard;
			sourceTree = "<group>";
		};
		37511C10269A1BAF0076E7EB /* LaunchScreen.storyboard */ = {
			isa = PBXVariantGroup;
			children = (
				37511C11269A1BAF0076E7EB /* Base */,
			);
			name = LaunchScreen.storyboard;
			sourceTree = "<group>";
		};
/* End PBXVariantGroup section */

/* Begin XCBuildConfiguration section */
		37511C2A269A1BAF0076E7EB /* Debug */ = {
			isa = XCBuildConfiguration;
			buildSettings = {
				ALWAYS_SEARCH_USER_PATHS = NO;
				CLANG_ANALYZER_NONNULL = YES;
				CLANG_ANALYZER_NUMBER_OBJECT_CONVERSION = YES_AGGRESSIVE;
				CLANG_CXX_LANGUAGE_STANDARD = "gnu++14";
				CLANG_CXX_LIBRARY = "libc++";
				CLANG_ENABLE_MODULES = YES;
				CLANG_ENABLE_OBJC_ARC = YES;
				CLANG_ENABLE_OBJC_WEAK = YES;
				CLANG_WARN_BLOCK_CAPTURE_AUTORELEASING = YES;
				CLANG_WARN_BOOL_CONVERSION = YES;
				CLANG_WARN_COMMA = YES;
				CLANG_WARN_CONSTANT_CONVERSION = YES;
				CLANG_WARN_DEPRECATED_OBJC_IMPLEMENTATIONS = YES;
				CLANG_WARN_DIRECT_OBJC_ISA_USAGE = YES_ERROR;
				CLANG_WARN_DOCUMENTATION_COMMENTS = YES;
				CLANG_WARN_EMPTY_BODY = YES;
				CLANG_WARN_ENUM_CONVERSION = YES;
				CLANG_WARN_INFINITE_RECURSION = YES;
				CLANG_WARN_INT_CONVERSION = YES;
				CLANG_WARN_NON_LITERAL_NULL_CONVERSION = YES;
				CLANG_WARN_OBJC_IMPLICIT_RETAIN_SELF = YES;
				CLANG_WARN_OBJC_LITERAL_CONVERSION = YES;
				CLANG_WARN_OBJC_ROOT_CLASS = YES_ERROR;
				CLANG_WARN_QUOTED_INCLUDE_IN_FRAMEWORK_HEADER = YES;
				CLANG_WARN_RANGE_LOOP_ANALYSIS = YES;
				CLANG_WARN_STRICT_PROTOTYPES = YES;
				CLANG_WARN_SUSPICIOUS_MOVE = YES;
				CLANG_WARN_UNGUARDED_AVAILABILITY = YES_AGGRESSIVE;
				CLANG_WARN_UNREACHABLE_CODE = YES;
				CLANG_WARN__DUPLICATE_METHOD_MATCH = YES;
				COPY_PHASE_STRIP = NO;
				DEBUG_INFORMATION_FORMAT = dwarf;
				ENABLE_STRICT_OBJC_MSGSEND = YES;
				ENABLE_TESTABILITY = YES;
				GCC_C_LANGUAGE_STANDARD = gnu11;
				GCC_DYNAMIC_NO_PIC = NO;
				GCC_NO_COMMON_BLOCKS = YES;
				GCC_OPTIMIZATION_LEVEL = 0;
				GCC_PREPROCESSOR_DEFINITIONS = (
					"DEBUG=1",
					"$(inherited)",
				);
				GCC_WARN_64_TO_32_BIT_CONVERSION = YES;
				GCC_WARN_ABOUT_RETURN_TYPE = YES_ERROR;
				GCC_WARN_UNDECLARED_SELECTOR = YES;
				GCC_WARN_UNINITIALIZED_AUTOS = YES_AGGRESSIVE;
				GCC_WARN_UNUSED_FUNCTION = YES;
				GCC_WARN_UNUSED_VARIABLE = YES;
				IPHONEOS_DEPLOYMENT_TARGET = 14.5;
				MTL_ENABLE_DEBUG_INFO = INCLUDE_SOURCE;
				MTL_FAST_MATH = YES;
				ONLY_ACTIVE_ARCH = YES;
				SDKROOT = iphoneos;
				SWIFT_ACTIVE_COMPILATION_CONDITIONS = DEBUG;
				SWIFT_OPTIMIZATION_LEVEL = "-Onone";
			};
			name = Debug;
		};
		37511C2B269A1BAF0076E7EB /* Release */ = {
			isa = XCBuildConfiguration;
			buildSettings = {
				ALWAYS_SEARCH_USER_PATHS = NO;
				CLANG_ANALYZER_NONNULL = YES;
				CLANG_ANALYZER_NUMBER_OBJECT_CONVERSION = YES_AGGRESSIVE;
				CLANG_CXX_LANGUAGE_STANDARD = "gnu++14";
				CLANG_CXX_LIBRARY = "libc++";
				CLANG_ENABLE_MODULES = YES;
				CLANG_ENABLE_OBJC_ARC = YES;
				CLANG_ENABLE_OBJC_WEAK = YES;
				CLANG_WARN_BLOCK_CAPTURE_AUTORELEASING = YES;
				CLANG_WARN_BOOL_CONVERSION = YES;
				CLANG_WARN_COMMA = YES;
				CLANG_WARN_CONSTANT_CONVERSION = YES;
				CLANG_WARN_DEPRECATED_OBJC_IMPLEMENTATIONS = YES;
				CLANG_WARN_DIRECT_OBJC_ISA_USAGE = YES_ERROR;
				CLANG_WARN_DOCUMENTATION_COMMENTS = YES;
				CLANG_WARN_EMPTY_BODY = YES;
				CLANG_WARN_ENUM_CONVERSION = YES;
				CLANG_WARN_INFINITE_RECURSION = YES;
				CLANG_WARN_INT_CONVERSION = YES;
				CLANG_WARN_NON_LITERAL_NULL_CONVERSION = YES;
				CLANG_WARN_OBJC_IMPLICIT_RETAIN_SELF = YES;
				CLANG_WARN_OBJC_LITERAL_CONVERSION = YES;
				CLANG_WARN_OBJC_ROOT_CLASS = YES_ERROR;
				CLANG_WARN_QUOTED_INCLUDE_IN_FRAMEWORK_HEADER = YES;
				CLANG_WARN_RANGE_LOOP_ANALYSIS = YES;
				CLANG_WARN_STRICT_PROTOTYPES = YES;
				CLANG_WARN_SUSPICIOUS_MOVE = YES;
				CLANG_WARN_UNGUARDED_AVAILABILITY = YES_AGGRESSIVE;
				CLANG_WARN_UNREACHABLE_CODE = YES;
				CLANG_WARN__DUPLICATE_METHOD_MATCH = YES;
				COPY_PHASE_STRIP = NO;
				DEBUG_INFORMATION_FORMAT = "dwarf-with-dsym";
				ENABLE_NS_ASSERTIONS = NO;
				ENABLE_STRICT_OBJC_MSGSEND = YES;
				GCC_C_LANGUAGE_STANDARD = gnu11;
				GCC_NO_COMMON_BLOCKS = YES;
				GCC_WARN_64_TO_32_BIT_CONVERSION = YES;
				GCC_WARN_ABOUT_RETURN_TYPE = YES_ERROR;
				GCC_WARN_UNDECLARED_SELECTOR = YES;
				GCC_WARN_UNINITIALIZED_AUTOS = YES_AGGRESSIVE;
				GCC_WARN_UNUSED_FUNCTION = YES;
				GCC_WARN_UNUSED_VARIABLE = YES;
				IPHONEOS_DEPLOYMENT_TARGET = 14.5;
				MTL_ENABLE_DEBUG_INFO = NO;
				MTL_FAST_MATH = YES;
				SDKROOT = iphoneos;
				SWIFT_COMPILATION_MODE = wholemodule;
				SWIFT_OPTIMIZATION_LEVEL = "-O";
				VALIDATE_PRODUCT = YES;
			};
			name = Release;
		};
		37511C2D269A1BAF0076E7EB /* Debug */ = {
			isa = XCBuildConfiguration;
			buildSettings = {
				ASSETCATALOG_COMPILER_APPICON_NAME = AppIcon;
				ASSETCATALOG_COMPILER_GLOBAL_ACCENT_COLOR_NAME = AccentColor;
				CODE_SIGN_STYLE = Automatic;
				INFOPLIST_FILE = "I am Poor/Info.plist";
				LD_RUNPATH_SEARCH_PATHS = (
					"$(inherited)",
					"@executable_path/Frameworks",
				);
				PRODUCT_BUNDLE_IDENTIFIER = "com.powelltechllc.I-am-Poor";
				PRODUCT_NAME = "$(TARGET_NAME)";
				SWIFT_VERSION = 5.0;
				TARGETED_DEVICE_FAMILY = "1,2";
			};
			name = Debug;
		};
		37511C2E269A1BAF0076E7EB /* Release */ = {
			isa = XCBuildConfiguration;
			buildSettings = {
				ASSETCATALOG_COMPILER_APPICON_NAME = AppIcon;
				ASSETCATALOG_COMPILER_GLOBAL_ACCENT_COLOR_NAME = AccentColor;
				CODE_SIGN_STYLE = Automatic;
				INFOPLIST_FILE = "I am Poor/Info.plist";
				LD_RUNPATH_SEARCH_PATHS = (
					"$(inherited)",
					"@executable_path/Frameworks",
				);
				PRODUCT_BUNDLE_IDENTIFIER = "com.powelltechllc.I-am-Poor";
				PRODUCT_NAME = "$(TARGET_NAME)";
				SWIFT_VERSION = 5.0;
				TARGETED_DEVICE_FAMILY = "1,2";
			};
			name = Release;
		};
		37511C30269A1BAF0076E7EB /* Debug */ = {
			isa = XCBuildConfiguration;
			buildSettings = {
				ALWAYS_EMBED_SWIFT_STANDARD_LIBRARIES = YES;
				BUNDLE_LOADER = "$(TEST_HOST)";
				CODE_SIGN_STYLE = Automatic;
				INFOPLIST_FILE = "I am PoorTests/Info.plist";
				IPHONEOS_DEPLOYMENT_TARGET = 14.5;
				LD_RUNPATH_SEARCH_PATHS = (
					"$(inherited)",
					"@executable_path/Frameworks",
					"@loader_path/Frameworks",
				);
				PRODUCT_BUNDLE_IDENTIFIER = "com.powelltechllc.I-am-PoorTests";
				PRODUCT_NAME = "$(TARGET_NAME)";
				SWIFT_VERSION = 5.0;
				TARGETED_DEVICE_FAMILY = "1,2";
				TEST_HOST = "$(BUILT_PRODUCTS_DIR)/I am Poor.app/I am Poor";
			};
			name = Debug;
		};
		37511C31269A1BAF0076E7EB /* Release */ = {
			isa = XCBuildConfiguration;
			buildSettings = {
				ALWAYS_EMBED_SWIFT_STANDARD_LIBRARIES = YES;
				BUNDLE_LOADER = "$(TEST_HOST)";
				CODE_SIGN_STYLE = Automatic;
				INFOPLIST_FILE = "I am PoorTests/Info.plist";
				IPHONEOS_DEPLOYMENT_TARGET = 14.5;
				LD_RUNPATH_SEARCH_PATHS = (
					"$(inherited)",
					"@executable_path/Frameworks",
					"@loader_path/Frameworks",
				);
				PRODUCT_BUNDLE_IDENTIFIER = "com.powelltechllc.I-am-PoorTests";
				PRODUCT_NAME = "$(TARGET_NAME)";
				SWIFT_VERSION = 5.0;
				TARGETED_DEVICE_FAMILY = "1,2";
				TEST_HOST = "$(BUILT_PRODUCTS_DIR)/I am Poor.app/I am Poor";
			};
			name = Release;
		};
		37511C33269A1BAF0076E7EB /* Debug */ = {
			isa = XCBuildConfiguration;
			buildSettings = {
				ALWAYS_EMBED_SWIFT_STANDARD_LIBRARIES = YES;
				CODE_SIGN_STYLE = Automatic;
				INFOPLIST_FILE = "I am PoorUITests/Info.plist";
				LD_RUNPATH_SEARCH_PATHS = (
					"$(inherited)",
					"@executable_path/Frameworks",
					"@loader_path/Frameworks",
				);
				PRODUCT_BUNDLE_IDENTIFIER = "com.powelltechllc.I-am-PoorUITests";
				PRODUCT_NAME = "$(TARGET_NAME)";
				SWIFT_VERSION = 5.0;
				TARGETED_DEVICE_FAMILY = "1,2";
				TEST_TARGET_NAME = "I am Poor";
			};
			name = Debug;
		};
		37511C34269A1BAF0076E7EB /* Release */ = {
			isa = XCBuildConfiguration;
			buildSettings = {
				ALWAYS_EMBED_SWIFT_STANDARD_LIBRARIES = YES;
				CODE_SIGN_STYLE = Automatic;
				INFOPLIST_FILE = "I am PoorUITests/Info.plist";
				LD_RUNPATH_SEARCH_PATHS = (
					"$(inherited)",
					"@executable_path/Frameworks",
					"@loader_path/Frameworks",
				);
				PRODUCT_BUNDLE_IDENTIFIER = "com.powelltechllc.I-am-PoorUITests";
				PRODUCT_NAME = "$(TARGET_NAME)";
				SWIFT_VERSION = 5.0;
				TARGETED_DEVICE_FAMILY = "1,2";
				TEST_TARGET_NAME = "I am Poor";
			};
			name = Release;
		};
/* End XCBuildConfiguration section */

/* Begin XCConfigurationList section */
		37511BFD269A1BAD0076E7EB /* Build configuration list for PBXProject "I am Poor" */ = {
			isa = XCConfigurationList;
			buildConfigurations = (
				37511C2A269A1BAF0076E7EB /* Debug */,
				37511C2B269A1BAF0076E7EB /* Release */,
			);
			defaultConfigurationIsVisible = 0;
			defaultConfigurationName = Release;
		};
		37511C2C269A1BAF0076E7EB /* Build configuration list for PBXNativeTarget "I am Poor" */ = {
			isa = XCConfigurationList;
			buildConfigurations = (
				37511C2D269A1BAF0076E7EB /* Debug */,
				37511C2E269A1BAF0076E7EB /* Release */,
			);
			defaultConfigurationIsVisible = 0;
			defaultConfigurationName = Release;
		};
		37511C2F269A1BAF0076E7EB /* Build configuration list for PBXNativeTarget "I am PoorTests" */ = {
			isa = XCConfigurationList;
			buildConfigurations = (
				37511C30269A1BAF0076E7EB /* Debug */,
				37511C31269A1BAF0076E7EB /* Release */,
			);
			defaultConfigurationIsVisible = 0;
			defaultConfigurationName = Release;
		};
		37511C32269A1BAF0076E7EB /* Build configuration list for PBXNativeTarget "I am PoorUITests" */ = {
			isa = XCConfigurationList;
			buildConfigurations = (
				37511C33269A1BAF0076E7EB /* Debug */,
				37511C34269A1BAF0076E7EB /* Release */,
			);
			defaultConfigurationIsVisible = 0;
			defaultConfigurationName = Release;
		};
/* End XCConfigurationList section */
	};
	rootObject = 37511BFA269A1BAD0076E7EB /* Project object */;
}
